# This file is generated by running "yarn install" inside your project.
# Manual changes might be lost - proceed with caution!

__metadata:
  version: 4
  cacheKey: 8

"@types/node@npm:^16.10.2":
  version: 16.10.2
  resolution: "@types/node@npm:16.10.2"
  checksum: 83c1c3c68e7500103908c3f16094e458879c840a719c15b6ea577f81fe1f24a1b3473bb6c8e8091fe79a82543ca7639c6b1088fcf80292ec091d1d1c9504a87e
  languageName: node
  linkType: hard

"ts4.5-beta@workspace:.":
  version: 0.0.0-use.local
  resolution: "ts4.5-beta@workspace:."
  dependencies:
    "@types/node": ^16.10.2
    typescript: beta
  languageName: unknown
  linkType: soft

typescript@beta:
  version: 4.5.0-beta
  resolution: "typescript@npm:4.5.0-beta"
  bin:
    tsc: bin/tsc
    tsserver: bin/tsserver
  checksum: 5d46c5d8eed36f1c067397907eacd748c41013e69dc50fc059f2d9d94d7f75b16bef760e965054d8f99e0c0f13235c3aaf8002f9ce775f98da7498078937c48d
  languageName: node
  linkType: hard

"typescript@patch:typescript@beta#~builtin<compat/typescript>":
  version: 4.5.0-beta
  resolution: "typescript@patch:typescript@npm%3A4.5.0-beta#~builtin<compat/typescript>::version=4.5.0-beta&hash=32657b"
  bin:
    tsc: bin/tsc
    tsserver: bin/tsserver
  checksum: 9a0c67519e7585034dffb9298d976f431b8dd9ceb0dcb76343fd40d798c642eaf586e9455d056d270d99565569f513b0646d7e58590d939ea49b78be9955d1e1
  languageName: node
  linkType: hard
